
Microsoft Visual Studio Solution File, Format Version 12.00
# Visual Studio Version 17
VisualStudioVersion = 17.9.34728.123
MinimumVisualStudioVersion = 10.0.40219.1
Project("{FAE04EC0-301F-11D3-BF4B-00C04F79EFBC}") = "StreamingApp.Web", "StreamingApp.Web\StreamingApp.Web.csproj", "{3059E641-CCA2-45D8-BECE-6C7816AF6A7D}"
EndProject
Project("{FAE04EC0-301F-11D3-BF4B-00C04F79EFBC}") = "StreamingApp.Data", "StreamingApp.Data\StreamingApp.Data.csproj", "{B6808500-ED96-4338-AFEA-B29B52943552}"
EndProject
Project("{FAE04EC0-301F-11D3-BF4B-00C04F79EFBC}") = "StreamingApp.Services", "StreamingApp.Services\StreamingApp.Services.csproj", "{5E4323C2-54BC-4FC5-909D-F03B26A0AD53}"
EndProject
Global
	GlobalSection(SolutionConfigurationPlatforms) = preSolution
		Debug|Any CPU = Debug|Any CPU
		Release|Any CPU = Release|Any CPU
	EndGlobalSection
	GlobalSection(ProjectConfigurationPlatforms) = postSolution
		{3059E641-CCA2-45D8-BECE-6C7816AF6A7D}.Debug|Any CPU.ActiveCfg = Debug|Any CPU
		{3059E641-CCA2-45D8-BECE-6C7816AF6A7D}.Debug|Any CPU.Build.0 = Debug|Any CPU
		{3059E641-CCA2-45D8-BECE-6C7816AF6A7D}.Release|Any CPU.ActiveCfg = Release|Any CPU
		{3059E641-CCA2-45D8-BECE-6C7816AF6A7D}.Release|Any CPU.Build.0 = Release|Any CPU
		{B6808500-ED96-4338-AFEA-B29B52943552}.Debug|Any CPU.ActiveCfg = Debug|Any CPU
		{B6808500-ED96-4338-AFEA-B29B52943552}.Debug|Any CPU.Build.0 = Debug|Any CPU
		{B6808500-ED96-4338-AFEA-B29B52943552}.Release|Any CPU.ActiveCfg = Release|Any CPU
		{B6808500-ED96-4338-AFEA-B29B52943552}.Release|Any CPU.Build.0 = Release|Any CPU
		{5E4323C2-54BC-4FC5-909D-F03B26A0AD53}.Debug|Any CPU.ActiveCfg = Debug|Any CPU
		{5E4323C2-54BC-4FC5-909D-F03B26A0AD53}.Debug|Any CPU.Build.0 = Debug|Any CPU
		{5E4323C2-54BC-4FC5-909D-F03B26A0AD53}.Release|Any CPU.ActiveCfg = Release|Any CPU
		{5E4323C2-54BC-4FC5-909D-F03B26A0AD53}.Release|Any CPU.Build.0 = Release|Any CPU
	EndGlobalSection
	GlobalSection(SolutionProperties) = preSolution
		HideSolutionNode = FALSE
	EndGlobalSection
	GlobalSection(ExtensibilityGlobals) = postSolution
		SolutionGuid = {7DCED852-B15D-4C80-B9E9-52863BE4D876}
	EndGlobalSection
EndGlobal
